
Microsoft Visual Studio Solution File, Format Version 12.00
# Visual Studio Version 17
VisualStudioVersion = 17.9.34728.123
MinimumVisualStudioVersion = 10.0.40219.1
Project("{FAE04EC0-301F-11D3-BF4B-00C04F79EFBC}") = "AudioPlayer", "AudioPlayer\AudioPlayer.csproj", "{D76BE82A-9F98-4F37-9A30-93D54175EE31}"
EndProject
Global
	GlobalSection(SolutionConfigurationPlatforms) = preSolution
		Debug|Any CPU = Debug|Any CPU
		Release|Any CPU = Release|Any CPU
	EndGlobalSection
	GlobalSection(ProjectConfigurationPlatforms) = postSolution
		{D76BE82A-9F98-4F37-9A30-93D54175EE31}.Debug|Any CPU.ActiveCfg = Debug|Any CPU
		{D76BE82A-9F98-4F37-9A30-93D54175EE31}.Debug|Any CPU.Build.0 = Debug|Any CPU
		{D76BE82A-9F98-4F37-9A30-93D54175EE31}.Release|Any CPU.ActiveCfg = Release|Any CPU
		{D76BE82A-9F98-4F37-9A30-93D54175EE31}.Release|Any CPU.Build.0 = Release|Any CPU
	EndGlobalSection
	GlobalSection(SolutionProperties) = preSolution
		HideSolutionNode = FALSE
	EndGlobalSection
	GlobalSection(ExtensibilityGlobals) = postSolution
		SolutionGuid = {D4850DA3-E653-45E2-9A09-3D59577428E4}
	EndGlobalSection
EndGlobal
